
Microsoft Visual Studio Solution File, Format Version 12.00
# Visual Studio Version 17
VisualStudioVersion = 17.3.32819.101
MinimumVisualStudioVersion = 10.0.40219.1
Project("{FAE04EC0-301F-11D3-BF4B-00C04F79EFBC}") = "acai bao", "acai bao\acai bao.csproj", "{CFE55199-8AEA-496C-8F70-37393D73D39A}"
EndProject
Global
	GlobalSection(SolutionConfigurationPlatforms) = preSolution
		Debug|Any CPU = Debug|Any CPU
		Release|Any CPU = Release|Any CPU
	EndGlobalSection
	GlobalSection(ProjectConfigurationPlatforms) = postSolution
		{CFE55199-8AEA-496C-8F70-37393D73D39A}.Debug|Any CPU.ActiveCfg = Debug|Any CPU
		{CFE55199-8AEA-496C-8F70-37393D73D39A}.Debug|Any CPU.Build.0 = Debug|Any CPU
		{CFE55199-8AEA-496C-8F70-37393D73D39A}.Release|Any CPU.ActiveCfg = Release|Any CPU
		{CFE55199-8AEA-496C-8F70-37393D73D39A}.Release|Any CPU.Build.0 = Release|Any CPU
	EndGlobalSection
	GlobalSection(SolutionProperties) = preSolution
		HideSolutionNode = FALSE
	EndGlobalSection
	GlobalSection(ExtensibilityGlobals) = postSolution
		SolutionGuid = {1AFBE841-815A-4DAF-94A4-8D4392B1ABAD}
	EndGlobalSection
EndGlobal
